// !$*UTF8*$!
{
	archiveVersion = 1;
	classes = {
	};
	objectVersion = 55;
	objects = {

/* Begin PBXBuildFile section */
		2865059D28452AF0003D7287 /* NoseView.swift in Sources */ = {isa = PBXBuildFile; fileRef = 2865059C28452AF0003D7287 /* NoseView.swift */; };
		2865059F28452E6E003D7287 /* EyesView.swift in Sources */ = {isa = PBXBuildFile; fileRef = 2865059E28452E6E003D7287 /* EyesView.swift */; };
		286505A128453495003D7287 /* HeadView.swift in Sources */ = {isa = PBXBuildFile; fileRef = 286505A028453495003D7287 /* HeadView.swift */; };
		286505A3284537A0003D7287 /* BackgroundView.swift in Sources */ = {isa = PBXBuildFile; fileRef = 286505A2284537A0003D7287 /* BackgroundView.swift */; };
		286505A528453885003D7287 /* EarView.swift in Sources */ = {isa = PBXBuildFile; fileRef = 286505A428453885003D7287 /* EarView.swift */; };
		286505A728453C3F003D7287 /* EyeAreaView.swift in Sources */ = {isa = PBXBuildFile; fileRef = 286505A628453C3F003D7287 /* EyeAreaView.swift */; };
		286505A9284546DF003D7287 /* MuzzleView.swift in Sources */ = {isa = PBXBuildFile; fileRef = 286505A8284546DF003D7287 /* MuzzleView.swift */; };
		288FBE66284556DF005B3BF8 /* ShadowView.swift in Sources */ = {isa = PBXBuildFile; fileRef = 288FBE65284556DF005B3BF8 /* ShadowView.swift */; };
		288FBE6828455B35005B3BF8 /* HalfView.swift in Sources */ = {isa = PBXBuildFile; fileRef = 288FBE6728455B35005B3BF8 /* HalfView.swift */; };
		28D064D42843EEB9009F868F /* GraphicSwiftUIApp.swift in Sources */ = {isa = PBXBuildFile; fileRef = 28D064D32843EEB9009F868F /* GraphicSwiftUIApp.swift */; };
		28D064D62843EEB9009F868F /* ContentView.swift in Sources */ = {isa = PBXBuildFile; fileRef = 28D064D52843EEB9009F868F /* ContentView.swift */; };
		28D064D82843EEBB009F868F /* Assets.xcassets in Resources */ = {isa = PBXBuildFile; fileRef = 28D064D72843EEBB009F868F /* Assets.xcassets */; };
		28D064DB2843EEBB009F868F /* Preview Assets.xcassets in Resources */ = {isa = PBXBuildFile; fileRef = 28D064DA2843EEBB009F868F /* Preview Assets.xcassets */; };
		28D064E22843EF19009F868F /* BodyView.swift in Sources */ = {isa = PBXBuildFile; fileRef = 28D064E12843EF19009F868F /* BodyView.swift */; };
/* End PBXBuildFile section */

/* Begin PBXFileReference section */
		2865059C28452AF0003D7287 /* NoseView.swift */ = {isa = PBXFileReference; lastKnownFileType = sourcecode.swift; path = NoseView.swift; sourceTree = "<group>"; };
		2865059E28452E6E003D7287 /* EyesView.swift */ = {isa = PBXFileReference; lastKnownFileType = sourcecode.swift; path = EyesView.swift; sourceTree = "<group>"; };
		286505A028453495003D7287 /* HeadView.swift */ = {isa = PBXFileReference; lastKnownFileType = sourcecode.swift; path = HeadView.swift; sourceTree = "<group>"; };
		286505A2284537A0003D7287 /* BackgroundView.swift */ = {isa = PBXFileReference; lastKnownFileType = sourcecode.swift; path = BackgroundView.swift; sourceTree = "<group>"; };
		286505A428453885003D7287 /* EarView.swift */ = {isa = PBXFileReference; lastKnownFileType = sourcecode.swift; path = EarView.swift; sourceTree = "<group>"; };
		286505A628453C3F003D7287 /* EyeAreaView.swift */ = {isa = PBXFileReference; lastKnownFileType = sourcecode.swift; path = EyeAreaView.swift; sourceTree = "<group>"; };
		286505A8284546DF003D7287 /* MuzzleView.swift */ = {isa = PBXFileReference; lastKnownFileType = sourcecode.swift; path = MuzzleView.swift; sourceTree = "<group>"; };
		288FBE65284556DF005B3BF8 /* ShadowView.swift */ = {isa = PBXFileReference; lastKnownFileType = sourcecode.swift; path = ShadowView.swift; sourceTree = "<group>"; };
		288FBE6728455B35005B3BF8 /* HalfView.swift */ = {isa = PBXFileReference; lastKnownFileType = sourcecode.swift; path = HalfView.swift; sourceTree = "<group>"; };
		28D064D02843EEB9009F868F /* GraphicSwiftUI.app */ = {isa = PBXFileReference; explicitFileType = wrapper.application; includeInIndex = 0; path = GraphicSwiftUI.app; sourceTree = BUILT_PRODUCTS_DIR; };
		28D064D32843EEB9009F868F /* GraphicSwiftUIApp.swift */ = {isa = PBXFileReference; lastKnownFileType = sourcecode.swift; path = GraphicSwiftUIApp.swift; sourceTree = "<group>"; };
		28D064D52843EEB9009F868F /* ContentView.swift */ = {isa = PBXFileReference; lastKnownFileType = sourcecode.swift; path = ContentView.swift; sourceTree = "<group>"; };
		28D064D72843EEBB009F868F /* Assets.xcassets */ = {isa = PBXFileReference; lastKnownFileType = folder.assetcatalog; path = Assets.xcassets; sourceTree = "<group>"; };
		28D064DA2843EEBB009F868F /* Preview Assets.xcassets */ = {isa = PBXFileReference; lastKnownFileType = folder.assetcatalog; path = "Preview Assets.xcassets"; sourceTree = "<group>"; };
		28D064E12843EF19009F868F /* BodyView.swift */ = {isa = PBXFileReference; lastKnownFileType = sourcecode.swift; path = BodyView.swift; sourceTree = "<group>"; };
/* End PBXFileReference section */

/* Begin PBXFrameworksBuildPhase section */
		28D064CD2843EEB9009F868F /* Frameworks */ = {
			isa = PBXFrameworksBuildPhase;
			buildActionMask = 2147483647;
			files = (
			);
			runOnlyForDeploymentPostprocessing = 0;
		};
/* End PBXFrameworksBuildPhase section */

/* Begin PBXGroup section */
		28D064C72843EEB9009F868F = {
			isa = PBXGroup;
			children = (
				28D064D22843EEB9009F868F /* GraphicSwiftUI */,
				28D064D12843EEB9009F868F /* Products */,
			);
			sourceTree = "<group>";
		};
		28D064D12843EEB9009F868F /* Products */ = {
			isa = PBXGroup;
			children = (
				28D064D02843EEB9009F868F /* GraphicSwiftUI.app */,
			);
			name = Products;
			sourceTree = "<group>";
		};
		28D064D22843EEB9009F868F /* GraphicSwiftUI */ = {
			isa = PBXGroup;
			children = (
				28D064D32843EEB9009F868F /* GraphicSwiftUIApp.swift */,
				28D064D52843EEB9009F868F /* ContentView.swift */,
				288FBE6728455B35005B3BF8 /* HalfView.swift */,
				286505A2284537A0003D7287 /* BackgroundView.swift */,
				28D064E12843EF19009F868F /* BodyView.swift */,
				288FBE65284556DF005B3BF8 /* ShadowView.swift */,
				286505A028453495003D7287 /* HeadView.swift */,
				286505A8284546DF003D7287 /* MuzzleView.swift */,
				286505A428453885003D7287 /* EarView.swift */,
				286505A628453C3F003D7287 /* EyeAreaView.swift */,
				2865059E28452E6E003D7287 /* EyesView.swift */,
				2865059C28452AF0003D7287 /* NoseView.swift */,
				28D064D72843EEBB009F868F /* Assets.xcassets */,
				28D064D92843EEBB009F868F /* Preview Content */,
			);
			path = GraphicSwiftUI;
			sourceTree = "<group>";
		};
		28D064D92843EEBB009F868F /* Preview Content */ = {
			isa = PBXGroup;
			children = (
				28D064DA2843EEBB009F868F /* Preview Assets.xcassets */,
			);
			path = "Preview Content";
			sourceTree = "<group>";
		};
/* End PBXGroup section */

/* Begin PBXNativeTarget section */
		28D064CF2843EEB9009F868F /* GraphicSwiftUI */ = {
			isa = PBXNativeTarget;
			buildConfigurationList = 28D064DE2843EEBB009F868F /* Build configuration list for PBXNativeTarget "GraphicSwiftUI" */;
			buildPhases = (
				28D064CC2843EEB9009F868F /* Sources */,
				28D064CD2843EEB9009F868F /* Frameworks */,
				28D064CE2843EEB9009F868F /* Resources */,
			);
			buildRules = (
			);
			dependencies = (
			);
			name = GraphicSwiftUI;
			productName = GraphicSwiftUI;
			productReference = 28D064D02843EEB9009F868F /* GraphicSwiftUI.app */;
			productType = "com.apple.product-type.application";
		};
/* End PBXNativeTarget section */

/* Begin PBXProject section */
		28D064C82843EEB9009F868F /* Project object */ = {
			isa = PBXProject;
			attributes = {
				BuildIndependentTargetsInParallel = 1;
				LastSwiftUpdateCheck = 1340;
				LastUpgradeCheck = 1340;
				TargetAttributes = {
					28D064CF2843EEB9009F868F = {
						CreatedOnToolsVersion = 13.4;
					};
				};
			};
			buildConfigurationList = 28D064CB2843EEB9009F868F /* Build configuration list for PBXProject "GraphicSwiftUI" */;
			compatibilityVersion = "Xcode 13.0";
			developmentRegion = en;
			hasScannedForEncodings = 0;
			knownRegions = (
				en,
				Base,
			);
			mainGroup = 28D064C72843EEB9009F868F;
			productRefGroup = 28D064D12843EEB9009F868F /* Products */;
			projectDirPath = "";
			projectRoot = "";
			targets = (
				28D064CF2843EEB9009F868F /* GraphicSwiftUI */,
			);
		};
/* End PBXProject section */

/* Begin PBXResourcesBuildPhase section */
		28D064CE2843EEB9009F868F /* Resources */ = {
			isa = PBXResourcesBuildPhase;
			buildActionMask = 2147483647;
			files = (
				28D064DB2843EEBB009F868F /* Preview Assets.xcassets in Resources */,
				28D064D82843EEBB009F868F /* Assets.xcassets in Resources */,
			);
			runOnlyForDeploymentPostprocessing = 0;
		};
/* End PBXResourcesBuildPhase section */

/* Begin PBXSourcesBuildPhase section */
		28D064CC2843EEB9009F868F /* Sources */ = {
			isa = PBXSourcesBuildPhase;
			buildActionMask = 2147483647;
			files = (
				286505A728453C3F003D7287 /* EyeAreaView.swift in Sources */,
				288FBE66284556DF005B3BF8 /* ShadowView.swift in Sources */,
				286505A9284546DF003D7287 /* MuzzleView.swift in Sources */,
				286505A3284537A0003D7287 /* BackgroundView.swift in Sources */,
				28D064E22843EF19009F868F /* BodyView.swift in Sources */,
				2865059D28452AF0003D7287 /* NoseView.swift in Sources */,
				28D064D62843EEB9009F868F /* ContentView.swift in Sources */,
				28D064D42843EEB9009F868F /* GraphicSwiftUIApp.swift in Sources */,
				286505A128453495003D7287 /* HeadView.swift in Sources */,
				2865059F28452E6E003D7287 /* EyesView.swift in Sources */,
				286505A528453885003D7287 /* EarView.swift in Sources */,
				288FBE6828455B35005B3BF8 /* HalfView.swift in Sources */,
			);
			runOnlyForDeploymentPostprocessing = 0;
		};
/* End PBXSourcesBuildPhase section */

/* Begin XCBuildConfiguration section */
		28D064DC2843EEBB009F868F /* Debug */ = {
			isa = XCBuildConfiguration;
			buildSettings = {
				ALWAYS_SEARCH_USER_PATHS = NO;
				CLANG_ANALYZER_NONNULL = YES;
				CLANG_ANALYZER_NUMBER_OBJECT_CONVERSION = YES_AGGRESSIVE;
				CLANG_CXX_LANGUAGE_STANDARD = "gnu++17";
				CLANG_ENABLE_MODULES = YES;
				CLANG_ENABLE_OBJC_ARC = YES;
				CLANG_ENABLE_OBJC_WEAK = YES;
				CLANG_WARN_BLOCK_CAPTURE_AUTORELEASING = YES;
				CLANG_WARN_BOOL_CONVERSION = YES;
				CLANG_WARN_COMMA = YES;
				CLANG_WARN_CONSTANT_CONVERSION = YES;
				CLANG_WARN_DEPRECATED_OBJC_IMPLEMENTATIONS = YES;
				CLANG_WARN_DIRECT_OBJC_ISA_USAGE = YES_ERROR;
				CLANG_WARN_DOCUMENTATION_COMMENTS = YES;
				CLANG_WARN_EMPTY_BODY = YES;
				CLANG_WARN_ENUM_CONVERSION = YES;
				CLANG_WARN_INFINITE_RECURSION = YES;
				CLANG_WARN_INT_CONVERSION = YES;
				CLANG_WARN_NON_LITERAL_NULL_CONVERSION = YES;
				CLANG_WARN_OBJC_IMPLICIT_RETAIN_SELF = YES;
				CLANG_WARN_OBJC_LITERAL_CONVERSION = YES;
				CLANG_WARN_OBJC_ROOT_CLASS = YES_ERROR;
				CLANG_WARN_QUOTED_INCLUDE_IN_FRAMEWORK_HEADER = YES;
				CLANG_WARN_RANGE_LOOP_ANALYSIS = YES;
				CLANG_WARN_STRICT_PROTOTYPES = YES;
				CLANG_WARN_SUSPICIOUS_MOVE = YES;
				CLANG_WARN_UNGUARDED_AVAILABILITY = YES_AGGRESSIVE;
				CLANG_WARN_UNREACHABLE_CODE = YES;
				CLANG_WARN__DUPLICATE_METHOD_MATCH = YES;
				COPY_PHASE_STRIP = NO;
				DEBUG_INFORMATION_FORMAT = dwarf;
				ENABLE_STRICT_OBJC_MSGSEND = YES;
				ENABLE_TESTABILITY = YES;
				GCC_C_LANGUAGE_STANDARD = gnu11;
				GCC_DYNAMIC_NO_PIC = NO;
				GCC_NO_COMMON_BLOCKS = YES;
				GCC_OPTIMIZATION_LEVEL = 0;
				GCC_PREPROCESSOR_DEFINITIONS = (
					"DEBUG=1",
					"$(inherited)",
				);
				GCC_WARN_64_TO_32_BIT_CONVERSION = YES;
				GCC_WARN_ABOUT_RETURN_TYPE = YES_ERROR;
				GCC_WARN_UNDECLARED_SELECTOR = YES;
				GCC_WARN_UNINITIALIZED_AUTOS = YES_AGGRESSIVE;
				GCC_WARN_UNUSED_FUNCTION = YES;
				GCC_WARN_UNUSED_VARIABLE = YES;
				IPHONEOS_DEPLOYMENT_TARGET = 15.5;
				MTL_ENABLE_DEBUG_INFO = INCLUDE_SOURCE;
				MTL_FAST_MATH = YES;
				ONLY_ACTIVE_ARCH = YES;
				SDKROOT = iphoneos;
				SWIFT_ACTIVE_COMPILATION_CONDITIONS = DEBUG;
				SWIFT_OPTIMIZATION_LEVEL = "-Onone";
			};
			name = Debug;
		};
		28D064DD2843EEBB009F868F /* Release */ = {
			isa = XCBuildConfiguration;
			buildSettings = {
				ALWAYS_SEARCH_USER_PATHS = NO;
				CLANG_ANALYZER_NONNULL = YES;
				CLANG_ANALYZER_NUMBER_OBJECT_CONVERSION = YES_AGGRESSIVE;
				CLANG_CXX_LANGUAGE_STANDARD = "gnu++17";
				CLANG_ENABLE_MODULES = YES;
				CLANG_ENABLE_OBJC_ARC = YES;
				CLANG_ENABLE_OBJC_WEAK = YES;
				CLANG_WARN_BLOCK_CAPTURE_AUTORELEASING = YES;
				CLANG_WARN_BOOL_CONVERSION = YES;
				CLANG_WARN_COMMA = YES;
				CLANG_WARN_CONSTANT_CONVERSION = YES;
				CLANG_WARN_DEPRECATED_OBJC_IMPLEMENTATIONS = YES;
				CLANG_WARN_DIRECT_OBJC_ISA_USAGE = YES_ERROR;
				CLANG_WARN_DOCUMENTATION_COMMENTS = YES;
				CLANG_WARN_EMPTY_BODY = YES;
				CLANG_WARN_ENUM_CONVERSION = YES;
				CLANG_WARN_INFINITE_RECURSION = YES;
				CLANG_WARN_INT_CONVERSION = YES;
				CLANG_WARN_NON_LITERAL_NULL_CONVERSION = YES;
				CLANG_WARN_OBJC_IMPLICIT_RETAIN_SELF = YES;
				CLANG_WARN_OBJC_LITERAL_CONVERSION = YES;
				CLANG_WARN_OBJC_ROOT_CLASS = YES_ERROR;
				CLANG_WARN_QUOTED_INCLUDE_IN_FRAMEWORK_HEADER = YES;
				CLANG_WARN_RANGE_LOOP_ANALYSIS = YES;
				CLANG_WARN_STRICT_PROTOTYPES = YES;
				CLANG_WARN_SUSPICIOUS_MOVE = YES;
				CLANG_WARN_UNGUARDED_AVAILABILITY = YES_AGGRESSIVE;
				CLANG_WARN_UNREACHABLE_CODE = YES;
				CLANG_WARN__DUPLICATE_METHOD_MATCH = YES;
				COPY_PHASE_STRIP = NO;
				DEBUG_INFORMATION_FORMAT = "dwarf-with-dsym";
				ENABLE_NS_ASSERTIONS = NO;
				ENABLE_STRICT_OBJC_MSGSEND = YES;
				GCC_C_LANGUAGE_STANDARD = gnu11;
				GCC_NO_COMMON_BLOCKS = YES;
				GCC_WARN_64_TO_32_BIT_CONVERSION = YES;
				GCC_WARN_ABOUT_RETURN_TYPE = YES_ERROR;
				GCC_WARN_UNDECLARED_SELECTOR = YES;
				GCC_WARN_UNINITIALIZED_AUTOS = YES_AGGRESSIVE;
				GCC_WARN_UNUSED_FUNCTION = YES;
				GCC_WARN_UNUSED_VARIABLE = YES;
				IPHONEOS_DEPLOYMENT_TARGET = 15.5;
				MTL_ENABLE_DEBUG_INFO = NO;
				MTL_FAST_MATH = YES;
				SDKROOT = iphoneos;
				SWIFT_COMPILATION_MODE = wholemodule;
				SWIFT_OPTIMIZATION_LEVEL = "-O";
				VALIDATE_PRODUCT = YES;
			};
			name = Release;
		};
		28D064DF2843EEBB009F868F /* Debug */ = {
			isa = XCBuildConfiguration;
			buildSettings = {
				ASSETCATALOG_COMPILER_APPICON_NAME = AppIcon;
				ASSETCATALOG_COMPILER_GLOBAL_ACCENT_COLOR_NAME = AccentColor;
				CODE_SIGN_STYLE = Automatic;
				CURRENT_PROJECT_VERSION = 1;
				DEVELOPMENT_ASSET_PATHS = "\"GraphicSwiftUI/Preview Content\"";
				DEVELOPMENT_TEAM = 6P96P67U8G;
				ENABLE_PREVIEWS = YES;
				GENERATE_INFOPLIST_FILE = YES;
				INFOPLIST_KEY_UIApplicationSceneManifest_Generation = YES;
				INFOPLIST_KEY_UIApplicationSupportsIndirectInputEvents = YES;
				INFOPLIST_KEY_UILaunchScreen_Generation = YES;
				INFOPLIST_KEY_UISupportedInterfaceOrientations_iPad = "UIInterfaceOrientationPortrait UIInterfaceOrientationPortraitUpsideDown UIInterfaceOrientationLandscapeLeft UIInterfaceOrientationLandscapeRight";
				INFOPLIST_KEY_UISupportedInterfaceOrientations_iPhone = "UIInterfaceOrientationPortrait UIInterfaceOrientationLandscapeLeft UIInterfaceOrientationLandscapeRight";
				LD_RUNPATH_SEARCH_PATHS = (
					"$(inherited)",
					"@executable_path/Frameworks",
				);
				MARKETING_VERSION = 1.0;
				PRODUCT_BUNDLE_IDENTIFIER = ru.alexrybachev.GraphicSwiftUI;
				PRODUCT_NAME = "$(TARGET_NAME)";
				SWIFT_EMIT_LOC_STRINGS = YES;
				SWIFT_VERSION = 5.0;
				TARGETED_DEVICE_FAMILY = "1,2";
			};
			name = Debug;
		};
		28D064E02843EEBB009F868F /* Release */ = {
			isa = XCBuildConfiguration;
			buildSettings = {
				ASSETCATALOG_COMPILER_APPICON_NAME = AppIcon;
				ASSETCATALOG_COMPILER_GLOBAL_ACCENT_COLOR_NAME = AccentColor;
				CODE_SIGN_STYLE = Automatic;
				CURRENT_PROJECT_VERSION = 1;
				DEVELOPMENT_ASSET_PATHS = "\"GraphicSwiftUI/Preview Content\"";
				DEVELOPMENT_TEAM = 6P96P67U8G;
				ENABLE_PREVIEWS = YES;
				GENERATE_INFOPLIST_FILE = YES;
				INFOPLIST_KEY_UIApplicationSceneManifest_Generation = YES;
				INFOPLIST_KEY_UIApplicationSupportsIndirectInputEvents = YES;
				INFOPLIST_KEY_UILaunchScreen_Generation = YES;
				INFOPLIST_KEY_UISupportedInterfaceOrientations_iPad = "UIInterfaceOrientationPortrait UIInterfaceOrientationPortraitUpsideDown UIInterfaceOrientationLandscapeLeft UIInterfaceOrientationLandscapeRight";
				INFOPLIST_KEY_UISupportedInterfaceOrientations_iPhone = "UIInterfaceOrientationPortrait UIInterfaceOrientationLandscapeLeft UIInterfaceOrientationLandscapeRight";
				LD_RUNPATH_SEARCH_PATHS = (
					"$(inherited)",
					"@executable_path/Frameworks",
				);
				MARKETING_VERSION = 1.0;
				PRODUCT_BUNDLE_IDENTIFIER = ru.alexrybachev.GraphicSwiftUI;
				PRODUCT_NAME = "$(TARGET_NAME)";
				SWIFT_EMIT_LOC_STRINGS = YES;
				SWIFT_VERSION = 5.0;
				TARGETED_DEVICE_FAMILY = "1,2";
			};
			name = Release;
		};
/* End XCBuildConfiguration section */

/* Begin XCConfigurationList section */
		28D064CB2843EEB9009F868F /* Build configuration list for PBXProject "GraphicSwiftUI" */ = {
			isa = XCConfigurationList;
			buildConfigurations = (
				28D064DC2843EEBB009F868F /* Debug */,
				28D064DD2843EEBB009F868F /* Release */,
			);
			defaultConfigurationIsVisible = 0;
			defaultConfigurationName = Release;
		};
		28D064DE2843EEBB009F868F /* Build configuration list for PBXNativeTarget "GraphicSwiftUI" */ = {
			isa = XCConfigurationList;
			buildConfigurations = (
				28D064DF2843EEBB009F868F /* Debug */,
				28D064E02843EEBB009F868F /* Release */,
			);
			defaultConfigurationIsVisible = 0;
			defaultConfigurationName = Release;
		};
/* End XCConfigurationList section */
	};
	rootObject = 28D064C82843EEB9009F868F /* Project object */;
}
